
Microsoft Visual Studio Solution File, Format Version 12.00
# Visual Studio 15
VisualStudioVersion = 15.0.27130.2020
MinimumVisualStudioVersion = 10.0.40219.1
Project("{FAE04EC0-301F-11D3-BF4B-00C04F79EFBC}") = "hashflags", "hashflags\hashflags.csproj", "{3A4029A5-DA76-489B-A834-D3E8527AECEE}"
EndProject
Global
	GlobalSection(SolutionConfigurationPlatforms) = preSolution
		Debug|Any CPU = Debug|Any CPU
		Release|Any CPU = Release|Any CPU
	EndGlobalSection
	GlobalSection(ProjectConfigurationPlatforms) = postSolution
		{3A4029A5-DA76-489B-A834-D3E8527AECEE}.Debug|Any CPU.ActiveCfg = Debug|Any CPU
		{3A4029A5-DA76-489B-A834-D3E8527AECEE}.Debug|Any CPU.Build.0 = Debug|Any CPU
		{3A4029A5-DA76-489B-A834-D3E8527AECEE}.Release|Any CPU.ActiveCfg = Release|Any CPU
		{3A4029A5-DA76-489B-A834-D3E8527AECEE}.Release|Any CPU.Build.0 = Release|Any CPU
	EndGlobalSection
	GlobalSection(SolutionProperties) = preSolution
		HideSolutionNode = FALSE
	EndGlobalSection
	GlobalSection(ExtensibilityGlobals) = postSolution
		SolutionGuid = {8EC2B3A3-03F1-463B-BF36-C7D5BAB3E6F7}
	EndGlobalSection
EndGlobal
